{
  "requires": true,
  "lockfileVersion": 1,
  "dependencies": {
    "react-anaconda": {
      "version": "1.0.1",
      "resolved": "https://registry.npmjs.org/react-anaconda/-/react-anaconda-1.0.1.tgz",
      "integrity": "sha512-TReQ+8Yy3ncvIo3j/i3QgdJqVdFVpntQIzgPK6S9Y6j0XLr1LPisMBE8FL0WFyHvKZf3Y2hXJp10Gu4jcT8tnw=="
    }
  }
}
